
Microsoft Visual Studio Solution File, Format Version 12.00
# Visual Studio Version 16
VisualStudioVersion = 16.0.30002.166
MinimumVisualStudioVersion = 10.0.40219.1
Project("{9A19103F-16F7-4668-BE54-9A1E7A4F7556}") = "torpedo2", "torpedo2\torpedo2.csproj", "{D6592EB5-8E9C-477B-BB42-2BD1DF317289}"
EndProject
Project("{FAE04EC0-301F-11D3-BF4B-00C04F79EFBC}") = "torpedo2.Tests", "torpedo2.Tests\torpedo2.Tests.csproj", "{5173E41A-7F71-40E6-8A66-9E81612E39CF}"
EndProject
Global
	GlobalSection(SolutionConfigurationPlatforms) = preSolution
		Debug|Any CPU = Debug|Any CPU
		Release|Any CPU = Release|Any CPU
	EndGlobalSection
	GlobalSection(ProjectConfigurationPlatforms) = postSolution
		{D6592EB5-8E9C-477B-BB42-2BD1DF317289}.Debug|Any CPU.ActiveCfg = Debug|Any CPU
		{D6592EB5-8E9C-477B-BB42-2BD1DF317289}.Debug|Any CPU.Build.0 = Debug|Any CPU
		{D6592EB5-8E9C-477B-BB42-2BD1DF317289}.Release|Any CPU.ActiveCfg = Release|Any CPU
		{D6592EB5-8E9C-477B-BB42-2BD1DF317289}.Release|Any CPU.Build.0 = Release|Any CPU
		{5173E41A-7F71-40E6-8A66-9E81612E39CF}.Debug|Any CPU.ActiveCfg = Debug|Any CPU
		{5173E41A-7F71-40E6-8A66-9E81612E39CF}.Debug|Any CPU.Build.0 = Debug|Any CPU
		{5173E41A-7F71-40E6-8A66-9E81612E39CF}.Release|Any CPU.ActiveCfg = Release|Any CPU
		{5173E41A-7F71-40E6-8A66-9E81612E39CF}.Release|Any CPU.Build.0 = Release|Any CPU
	EndGlobalSection
	GlobalSection(SolutionProperties) = preSolution
		HideSolutionNode = FALSE
	EndGlobalSection
	GlobalSection(ExtensibilityGlobals) = postSolution
		SolutionGuid = {74A6D0F1-DA6F-44FB-B337-015824ED900D}
	EndGlobalSection
EndGlobal
